
Microsoft Visual Studio Solution File, Format Version 12.00
# Visual Studio Version 16
VisualStudioVersion = 16.0.30011.22
MinimumVisualStudioVersion = 10.0.40219.1
Project("{9A19103F-16F7-4668-BE54-9A1E7A4F7556}") = "AspNetCore3.Upgrade", "AspNetCore3.Upgrade\AspNetCore3.Upgrade.csproj", "{D006F294-063F-4986-B1C3-16CAF47DCB1C}"
EndProject
Project("{FAE04EC0-301F-11D3-BF4B-00C04F79EFBC}") = "Shared", "Shared\Shared.csproj", "{3DCB13BD-CAAF-4BD8-A394-5400CE7355F6}"
EndProject
Global
	GlobalSection(SolutionConfigurationPlatforms) = preSolution
		Debug|Any CPU = Debug|Any CPU
		Release|Any CPU = Release|Any CPU
	EndGlobalSection
	GlobalSection(ProjectConfigurationPlatforms) = postSolution
		{D006F294-063F-4986-B1C3-16CAF47DCB1C}.Debug|Any CPU.ActiveCfg = Debug|Any CPU
		{D006F294-063F-4986-B1C3-16CAF47DCB1C}.Debug|Any CPU.Build.0 = Debug|Any CPU
		{D006F294-063F-4986-B1C3-16CAF47DCB1C}.Release|Any CPU.ActiveCfg = Release|Any CPU
		{D006F294-063F-4986-B1C3-16CAF47DCB1C}.Release|Any CPU.Build.0 = Release|Any CPU
		{3DCB13BD-CAAF-4BD8-A394-5400CE7355F6}.Debug|Any CPU.ActiveCfg = Debug|Any CPU
		{3DCB13BD-CAAF-4BD8-A394-5400CE7355F6}.Debug|Any CPU.Build.0 = Debug|Any CPU
		{3DCB13BD-CAAF-4BD8-A394-5400CE7355F6}.Release|Any CPU.ActiveCfg = Release|Any CPU
		{3DCB13BD-CAAF-4BD8-A394-5400CE7355F6}.Release|Any CPU.Build.0 = Release|Any CPU
	EndGlobalSection
	GlobalSection(SolutionProperties) = preSolution
		HideSolutionNode = FALSE
	EndGlobalSection
	GlobalSection(ExtensibilityGlobals) = postSolution
		SolutionGuid = {2E490AF0-4F1C-48B0-91C5-AB9DA3813A0A}
	EndGlobalSection
EndGlobal
